
Microsoft Visual Studio Solution File, Format Version 12.00
# Visual Studio Version 17
VisualStudioVersion = 17.0.32014.148
MinimumVisualStudioVersion = 10.0.40219.1
Project("{9A19103F-16F7-4668-BE54-9A1E7A4F7556}") = "GuessTheConcept", "GuessTheAnimal\GuessTheConcept.csproj", "{1010E8F2-607B-4200-86E1-9073E49B4CBF}"
EndProject
Global
	GlobalSection(SolutionConfigurationPlatforms) = preSolution
		Debug|Any CPU = Debug|Any CPU
		Release|Any CPU = Release|Any CPU
	EndGlobalSection
	GlobalSection(ProjectConfigurationPlatforms) = postSolution
		{1010E8F2-607B-4200-86E1-9073E49B4CBF}.Debug|Any CPU.ActiveCfg = Debug|Any CPU
		{1010E8F2-607B-4200-86E1-9073E49B4CBF}.Debug|Any CPU.Build.0 = Debug|Any CPU
		{1010E8F2-607B-4200-86E1-9073E49B4CBF}.Release|Any CPU.ActiveCfg = Release|Any CPU
		{1010E8F2-607B-4200-86E1-9073E49B4CBF}.Release|Any CPU.Build.0 = Release|Any CPU
	EndGlobalSection
	GlobalSection(SolutionProperties) = preSolution
		HideSolutionNode = FALSE
	EndGlobalSection
	GlobalSection(ExtensibilityGlobals) = postSolution
		SolutionGuid = {D9ADE39E-0578-4363-B211-32F528BCF786}
	EndGlobalSection
EndGlobal
